// !$*UTF8*$!
{
	archiveVersion = 1;
	classes = {
	};
	objectVersion = 46;
	objects = {

/* Begin PBXBuildFile section */
		77EDA8191C31689100BD9184 /* AppDelegate.swift in Sources */ = {isa = PBXBuildFile; fileRef = 77EDA8181C31689100BD9184 /* AppDelegate.swift */; };
		77EDA81B1C31689100BD9184 /* ViewController.swift in Sources */ = {isa = PBXBuildFile; fileRef = 77EDA81A1C31689100BD9184 /* ViewController.swift */; };
		77EDA81E1C31689100BD9184 /* Main.storyboard in Resources */ = {isa = PBXBuildFile; fileRef = 77EDA81C1C31689100BD9184 /* Main.storyboard */; };
		77EDA8201C31689100BD9184 /* Assets.xcassets in Resources */ = {isa = PBXBuildFile; fileRef = 77EDA81F1C31689100BD9184 /* Assets.xcassets */; };
		77EDA8231C31689100BD9184 /* LaunchScreen.storyboard in Resources */ = {isa = PBXBuildFile; fileRef = 77EDA8211C31689100BD9184 /* LaunchScreen.storyboard */; };
		77EDA82E1C31689100BD9184 /* MyCalculatorTests.swift in Sources */ = {isa = PBXBuildFile; fileRef = 77EDA82D1C31689100BD9184 /* MyCalculatorTests.swift */; };
		77EDA8391C31689100BD9184 /* MyCalculatorUITests.swift in Sources */ = {isa = PBXBuildFile; fileRef = 77EDA8381C31689100BD9184 /* MyCalculatorUITests.swift */; };
/* End PBXBuildFile section */

/* Begin PBXContainerItemProxy section */
		77EDA82A1C31689100BD9184 /* PBXContainerItemProxy */ = {
			isa = PBXContainerItemProxy;
			containerPortal = 77EDA80D1C31689100BD9184 /* Project object */;
			proxyType = 1;
			remoteGlobalIDString = 77EDA8141C31689100BD9184;
			remoteInfo = MyCalculator;
		};
		77EDA8351C31689100BD9184 /* PBXContainerItemProxy */ = {
			isa = PBXContainerItemProxy;
			containerPortal = 77EDA80D1C31689100BD9184 /* Project object */;
			proxyType = 1;
			remoteGlobalIDString = 77EDA8141C31689100BD9184;
			remoteInfo = MyCalculator;
		};
/* End PBXContainerItemProxy section */

/* Begin PBXFileReference section */
		77EDA8151C31689100BD9184 /* MyCalculator.app */ = {isa = PBXFileReference; explicitFileType = wrapper.application; includeInIndex = 0; path = MyCalculator.app; sourceTree = BUILT_PRODUCTS_DIR; };
		77EDA8181C31689100BD9184 /* AppDelegate.swift */ = {isa = PBXFileReference; lastKnownFileType = sourcecode.swift; path = AppDelegate.swift; sourceTree = "<group>"; };
		77EDA81A1C31689100BD9184 /* ViewController.swift */ = {isa = PBXFileReference; lastKnownFileType = sourcecode.swift; path = ViewController.swift; sourceTree = "<group>"; };
		77EDA81D1C31689100BD9184 /* Base */ = {isa = PBXFileReference; lastKnownFileType = file.storyboard; name = Base; path = Base.lproj/Main.storyboard; sourceTree = "<group>"; };
		77EDA81F1C31689100BD9184 /* Assets.xcassets */ = {isa = PBXFileReference; lastKnownFileType = folder.assetcatalog; path = Assets.xcassets; sourceTree = "<group>"; };
		77EDA8221C31689100BD9184 /* Base */ = {isa = PBXFileReference; lastKnownFileType = file.storyboard; name = Base; path = Base.lproj/LaunchScreen.storyboard; sourceTree = "<group>"; };
		77EDA8241C31689100BD9184 /* Info.plist */ = {isa = PBXFileReference; lastKnownFileType = text.plist.xml; path = Info.plist; sourceTree = "<group>"; };
		77EDA8291C31689100BD9184 /* MyCalculatorTests.xctest */ = {isa = PBXFileReference; explicitFileType = wrapper.cfbundle; includeInIndex = 0; path = MyCalculatorTests.xctest; sourceTree = BUILT_PRODUCTS_DIR; };
		77EDA82D1C31689100BD9184 /* MyCalculatorTests.swift */ = {isa = PBXFileReference; lastKnownFileType = sourcecode.swift; path = MyCalculatorTests.swift; sourceTree = "<group>"; };
		77EDA82F1C31689100BD9184 /* Info.plist */ = {isa = PBXFileReference; lastKnownFileType = text.plist.xml; path = Info.plist; sourceTree = "<group>"; };
		77EDA8341C31689100BD9184 /* MyCalculatorUITests.xctest */ = {isa = PBXFileReference; explicitFileType = wrapper.cfbundle; includeInIndex = 0; path = MyCalculatorUITests.xctest; sourceTree = BUILT_PRODUCTS_DIR; };
		77EDA8381C31689100BD9184 /* MyCalculatorUITests.swift */ = {isa = PBXFileReference; lastKnownFileType = sourcecode.swift; path = MyCalculatorUITests.swift; sourceTree = "<group>"; };
		77EDA83A1C31689100BD9184 /* Info.plist */ = {isa = PBXFileReference; lastKnownFileType = text.plist.xml; path = Info.plist; sourceTree = "<group>"; };
/* End PBXFileReference section */

/* Begin PBXFrameworksBuildPhase section */
		77EDA8121C31689100BD9184 /* Frameworks */ = {
			isa = PBXFrameworksBuildPhase;
			buildActionMask = 2147483647;
			files = (
			);
			runOnlyForDeploymentPostprocessing = 0;
		};
		77EDA8261C31689100BD9184 /* Frameworks */ = {
			isa = PBXFrameworksBuildPhase;
			buildActionMask = 2147483647;
			files = (
			);
			runOnlyForDeploymentPostprocessing = 0;
		};
		77EDA8311C31689100BD9184 /* Frameworks */ = {
			isa = PBXFrameworksBuildPhase;
			buildActionMask = 2147483647;
			files = (
			);
			runOnlyForDeploymentPostprocessing = 0;
		};
/* End PBXFrameworksBuildPhase section */

/* Begin PBXGroup section */
		77EDA80C1C31689100BD9184 = {
			isa = PBXGroup;
			children = (
				77EDA8171C31689100BD9184 /* MyCalculator */,
				77EDA82C1C31689100BD9184 /* MyCalculatorTests */,
				77EDA8371C31689100BD9184 /* MyCalculatorUITests */,
				77EDA8161C31689100BD9184 /* Products */,
			);
			sourceTree = "<group>";
		};
		77EDA8161C31689100BD9184 /* Products */ = {
			isa = PBXGroup;
			children = (
				77EDA8151C31689100BD9184 /* MyCalculator.app */,
				77EDA8291C31689100BD9184 /* MyCalculatorTests.xctest */,
				77EDA8341C31689100BD9184 /* MyCalculatorUITests.xctest */,
			);
			name = Products;
			sourceTree = "<group>";
		};
		77EDA8171C31689100BD9184 /* MyCalculator */ = {
			isa = PBXGroup;
			children = (
				77EDA8181C31689100BD9184 /* AppDelegate.swift */,
				77EDA81A1C31689100BD9184 /* ViewController.swift */,
				77EDA81C1C31689100BD9184 /* Main.storyboard */,
				77EDA81F1C31689100BD9184 /* Assets.xcassets */,
				77EDA8211C31689100BD9184 /* LaunchScreen.storyboard */,
				77EDA8241C31689100BD9184 /* Info.plist */,
			);
			path = MyCalculator;
			sourceTree = "<group>";
		};
		77EDA82C1C31689100BD9184 /* MyCalculatorTests */ = {
			isa = PBXGroup;
			children = (
				77EDA82D1C31689100BD9184 /* MyCalculatorTests.swift */,
				77EDA82F1C31689100BD9184 /* Info.plist */,
			);
			path = MyCalculatorTests;
			sourceTree = "<group>";
		};
		77EDA8371C31689100BD9184 /* MyCalculatorUITests */ = {
			isa = PBXGroup;
			children = (
				77EDA8381C31689100BD9184 /* MyCalculatorUITests.swift */,
				77EDA83A1C31689100BD9184 /* Info.plist */,
			);
			path = MyCalculatorUITests;
			sourceTree = "<group>";
		};
/* End PBXGroup section */

/* Begin PBXNativeTarget section */
		77EDA8141C31689100BD9184 /* MyCalculator */ = {
			isa = PBXNativeTarget;
			buildConfigurationList = 77EDA83D1C31689100BD9184 /* Build configuration list for PBXNativeTarget "MyCalculator" */;
			buildPhases = (
				77EDA8111C31689100BD9184 /* Sources */,
				77EDA8121C31689100BD9184 /* Frameworks */,
				77EDA8131C31689100BD9184 /* Resources */,
			);
			buildRules = (
			);
			dependencies = (
			);
			name = MyCalculator;
			productName = MyCalculator;
			productReference = 77EDA8151C31689100BD9184 /* MyCalculator.app */;
			productType = "com.apple.product-type.application";
		};
		77EDA8281C31689100BD9184 /* MyCalculatorTests */ = {
			isa = PBXNativeTarget;
			buildConfigurationList = 77EDA8401C31689100BD9184 /* Build configuration list for PBXNativeTarget "MyCalculatorTests" */;
			buildPhases = (
				77EDA8251C31689100BD9184 /* Sources */,
				77EDA8261C31689100BD9184 /* Frameworks */,
				77EDA8271C31689100BD9184 /* Resources */,
			);
			buildRules = (
			);
			dependencies = (
				77EDA82B1C31689100BD9184 /* PBXTargetDependency */,
			);
			name = MyCalculatorTests;
			productName = MyCalculatorTests;
			productReference = 77EDA8291C31689100BD9184 /* MyCalculatorTests.xctest */;
			productType = "com.apple.product-type.bundle.unit-test";
		};
		77EDA8331C31689100BD9184 /* MyCalculatorUITests */ = {
			isa = PBXNativeTarget;
			buildConfigurationList = 77EDA8431C31689100BD9184 /* Build configuration list for PBXNativeTarget "MyCalculatorUITests" */;
			buildPhases = (
				77EDA8301C31689100BD9184 /* Sources */,
				77EDA8311C31689100BD9184 /* Frameworks */,
				77EDA8321C31689100BD9184 /* Resources */,
			);
			buildRules = (
			);
			dependencies = (
				77EDA8361C31689100BD9184 /* PBXTargetDependency */,
			);
			name = MyCalculatorUITests;
			productName = MyCalculatorUITests;
			productReference = 77EDA8341C31689100BD9184 /* MyCalculatorUITests.xctest */;
			productType = "com.apple.product-type.bundle.ui-testing";
		};
/* End PBXNativeTarget section */

/* Begin PBXProject section */
		77EDA80D1C31689100BD9184 /* Project object */ = {
			isa = PBXProject;
			attributes = {
				LastSwiftUpdateCheck = 0720;
				LastUpgradeCheck = 0720;
				ORGANIZATIONNAME = "Philippe petit";
				TargetAttributes = {
					77EDA8141C31689100BD9184 = {
						CreatedOnToolsVersion = 7.2;
						DevelopmentTeam = F3PL24L9PG;
					};
					77EDA8281C31689100BD9184 = {
						CreatedOnToolsVersion = 7.2;
						DevelopmentTeam = F3PL24L9PG;
						TestTargetID = 77EDA8141C31689100BD9184;
					};
					77EDA8331C31689100BD9184 = {
						CreatedOnToolsVersion = 7.2;
						DevelopmentTeam = F3PL24L9PG;
						TestTargetID = 77EDA8141C31689100BD9184;
					};
				};
			};
			buildConfigurationList = 77EDA8101C31689100BD9184 /* Build configuration list for PBXProject "MyCalculator" */;
			compatibilityVersion = "Xcode 3.2";
			developmentRegion = English;
			hasScannedForEncodings = 0;
			knownRegions = (
				en,
				Base,
			);
			mainGroup = 77EDA80C1C31689100BD9184;
			productRefGroup = 77EDA8161C31689100BD9184 /* Products */;
			projectDirPath = "";
			projectRoot = "";
			targets = (
				77EDA8141C31689100BD9184 /* MyCalculator */,
				77EDA8281C31689100BD9184 /* MyCalculatorTests */,
				77EDA8331C31689100BD9184 /* MyCalculatorUITests */,
			);
		};
/* End PBXProject section */

/* Begin PBXResourcesBuildPhase section */
		77EDA8131C31689100BD9184 /* Resources */ = {
			isa = PBXResourcesBuildPhase;
			buildActionMask = 2147483647;
			files = (
				77EDA8231C31689100BD9184 /* LaunchScreen.storyboard in Resources */,
				77EDA8201C31689100BD9184 /* Assets.xcassets in Resources */,
				77EDA81E1C31689100BD9184 /* Main.storyboard in Resources */,
			);
			runOnlyForDeploymentPostprocessing = 0;
		};
		77EDA8271C31689100BD9184 /* Resources */ = {
			isa = PBXResourcesBuildPhase;
			buildActionMask = 2147483647;
			files = (
			);
			runOnlyForDeploymentPostprocessing = 0;
		};
		77EDA8321C31689100BD9184 /* Resources */ = {
			isa = PBXResourcesBuildPhase;
			buildActionMask = 2147483647;
			files = (
			);
			runOnlyForDeploymentPostprocessing = 0;
		};
/* End PBXResourcesBuildPhase section */

/* Begin PBXSourcesBuildPhase section */
		77EDA8111C31689100BD9184 /* Sources */ = {
			isa = PBXSourcesBuildPhase;
			buildActionMask = 2147483647;
			files = (
				77EDA81B1C31689100BD9184 /* ViewController.swift in Sources */,
				77EDA8191C31689100BD9184 /* AppDelegate.swift in Sources */,
			);
			runOnlyForDeploymentPostprocessing = 0;
		};
		77EDA8251C31689100BD9184 /* Sources */ = {
			isa = PBXSourcesBuildPhase;
			buildActionMask = 2147483647;
			files = (
				77EDA82E1C31689100BD9184 /* MyCalculatorTests.swift in Sources */,
			);
			runOnlyForDeploymentPostprocessing = 0;
		};
		77EDA8301C31689100BD9184 /* Sources */ = {
			isa = PBXSourcesBuildPhase;
			buildActionMask = 2147483647;
			files = (
				77EDA8391C31689100BD9184 /* MyCalculatorUITests.swift in Sources */,
			);
			runOnlyForDeploymentPostprocessing = 0;
		};
/* End PBXSourcesBuildPhase section */

/* Begin PBXTargetDependency section */
		77EDA82B1C31689100BD9184 /* PBXTargetDependency */ = {
			isa = PBXTargetDependency;
			target = 77EDA8141C31689100BD9184 /* MyCalculator */;
			targetProxy = 77EDA82A1C31689100BD9184 /* PBXContainerItemProxy */;
		};
		77EDA8361C31689100BD9184 /* PBXTargetDependency */ = {
			isa = PBXTargetDependency;
			target = 77EDA8141C31689100BD9184 /* MyCalculator */;
			targetProxy = 77EDA8351C31689100BD9184 /* PBXContainerItemProxy */;
		};
/* End PBXTargetDependency section */

/* Begin PBXVariantGroup section */
		77EDA81C1C31689100BD9184 /* Main.storyboard */ = {
			isa = PBXVariantGroup;
			children = (
				77EDA81D1C31689100BD9184 /* Base */,
			);
			name = Main.storyboard;
			sourceTree = "<group>";
		};
		77EDA8211C31689100BD9184 /* LaunchScreen.storyboard */ = {
			isa = PBXVariantGroup;
			children = (
				77EDA8221C31689100BD9184 /* Base */,
			);
			name = LaunchScreen.storyboard;
			sourceTree = "<group>";
		};
/* End PBXVariantGroup section */

/* Begin XCBuildConfiguration section */
		77EDA83B1C31689100BD9184 /* Debug */ = {
			isa = XCBuildConfiguration;
			buildSettings = {
				ALWAYS_SEARCH_USER_PATHS = NO;
				CLANG_CXX_LANGUAGE_STANDARD = "gnu++0x";
				CLANG_CXX_LIBRARY = "libc++";
				CLANG_ENABLE_MODULES = YES;
				CLANG_ENABLE_OBJC_ARC = YES;
				CLANG_WARN_BOOL_CONVERSION = YES;
				CLANG_WARN_CONSTANT_CONVERSION = YES;
				CLANG_WARN_DIRECT_OBJC_ISA_USAGE = YES_ERROR;
				CLANG_WARN_EMPTY_BODY = YES;
				CLANG_WARN_ENUM_CONVERSION = YES;
				CLANG_WARN_INT_CONVERSION = YES;
				CLANG_WARN_OBJC_ROOT_CLASS = YES_ERROR;
				CLANG_WARN_UNREACHABLE_CODE = YES;
				CLANG_WARN__DUPLICATE_METHOD_MATCH = YES;
				"CODE_SIGN_IDENTITY[sdk=iphoneos*]" = "iPhone Developer";
				COPY_PHASE_STRIP = NO;
				DEBUG_INFORMATION_FORMAT = dwarf;
				ENABLE_STRICT_OBJC_MSGSEND = YES;
				ENABLE_TESTABILITY = YES;
				GCC_C_LANGUAGE_STANDARD = gnu99;
				GCC_DYNAMIC_NO_PIC = NO;
				GCC_NO_COMMON_BLOCKS = YES;
				GCC_OPTIMIZATION_LEVEL = 0;
				GCC_PREPROCESSOR_DEFINITIONS = (
					"DEBUG=1",
					"$(inherited)",
				);
				GCC_WARN_64_TO_32_BIT_CONVERSION = YES;
				GCC_WARN_ABOUT_RETURN_TYPE = YES_ERROR;
				GCC_WARN_UNDECLARED_SELECTOR = YES;
				GCC_WARN_UNINITIALIZED_AUTOS = YES_AGGRESSIVE;
				GCC_WARN_UNUSED_FUNCTION = YES;
				GCC_WARN_UNUSED_VARIABLE = YES;
				IPHONEOS_DEPLOYMENT_TARGET = 9.2;
				MTL_ENABLE_DEBUG_INFO = YES;
				ONLY_ACTIVE_ARCH = YES;
				SDKROOT = iphoneos;
				SWIFT_OPTIMIZATION_LEVEL = "-Onone";
				TARGETED_DEVICE_FAMILY = "1,2";
			};
			name = Debug;
		};
		77EDA83C1C31689100BD9184 /* Release */ = {
			isa = XCBuildConfiguration;
			buildSettings = {
				ALWAYS_SEARCH_USER_PATHS = NO;
				CLANG_CXX_LANGUAGE_STANDARD = "gnu++0x";
				CLANG_CXX_LIBRARY = "libc++";
				CLANG_ENABLE_MODULES = YES;
				CLANG_ENABLE_OBJC_ARC = YES;
				CLANG_WARN_BOOL_CONVERSION = YES;
				CLANG_WARN_CONSTANT_CONVERSION = YES;
				CLANG_WARN_DIRECT_OBJC_ISA_USAGE = YES_ERROR;
				CLANG_WARN_EMPTY_BODY = YES;
				CLANG_WARN_ENUM_CONVERSION = YES;
				CLANG_WARN_INT_CONVERSION = YES;
				CLANG_WARN_OBJC_ROOT_CLASS = YES_ERROR;
				CLANG_WARN_UNREACHABLE_CODE = YES;
				CLANG_WARN__DUPLICATE_METHOD_MATCH = YES;
				"CODE_SIGN_IDENTITY[sdk=iphoneos*]" = "iPhone Developer";
				COPY_PHASE_STRIP = NO;
				DEBUG_INFORMATION_FORMAT = "dwarf-with-dsym";
				ENABLE_NS_ASSERTIONS = NO;
				ENABLE_STRICT_OBJC_MSGSEND = YES;
				GCC_C_LANGUAGE_STANDARD = gnu99;
				GCC_NO_COMMON_BLOCKS = YES;
				GCC_WARN_64_TO_32_BIT_CONVERSION = YES;
				GCC_WARN_ABOUT_RETURN_TYPE = YES_ERROR;
				GCC_WARN_UNDECLARED_SELECTOR = YES;
				GCC_WARN_UNINITIALIZED_AUTOS = YES_AGGRESSIVE;
				GCC_WARN_UNUSED_FUNCTION = YES;
				GCC_WARN_UNUSED_VARIABLE = YES;
				IPHONEOS_DEPLOYMENT_TARGET = 9.2;
				MTL_ENABLE_DEBUG_INFO = NO;
				SDKROOT = iphoneos;
				TARGETED_DEVICE_FAMILY = "1,2";
				VALIDATE_PRODUCT = YES;
			};
			name = Release;
		};
		77EDA83E1C31689100BD9184 /* Debug */ = {
			isa = XCBuildConfiguration;
			buildSettings = {
				ASSETCATALOG_COMPILER_APPICON_NAME = AppIcon;
				INFOPLIST_FILE = MyCalculator/Info.plist;
				LD_RUNPATH_SEARCH_PATHS = "$(inherited) @executable_path/Frameworks";
				PRODUCT_BUNDLE_IDENTIFIER = "com.philippe-petit.MyCalculator";
				PRODUCT_NAME = "$(TARGET_NAME)";
			};
			name = Debug;
		};
		77EDA83F1C31689100BD9184 /* Release */ = {
			isa = XCBuildConfiguration;
			buildSettings = {
				ASSETCATALOG_COMPILER_APPICON_NAME = AppIcon;
				INFOPLIST_FILE = MyCalculator/Info.plist;
				LD_RUNPATH_SEARCH_PATHS = "$(inherited) @executable_path/Frameworks";
				PRODUCT_BUNDLE_IDENTIFIER = "com.philippe-petit.MyCalculator";
				PRODUCT_NAME = "$(TARGET_NAME)";
			};
			name = Release;
		};
		77EDA8411C31689100BD9184 /* Debug */ = {
			isa = XCBuildConfiguration;
			buildSettings = {
				BUNDLE_LOADER = "$(TEST_HOST)";
				INFOPLIST_FILE = MyCalculatorTests/Info.plist;
				LD_RUNPATH_SEARCH_PATHS = "$(inherited) @executable_path/Frameworks @loader_path/Frameworks";
				PRODUCT_BUNDLE_IDENTIFIER = "com.philippe-petit.MyCalculatorTests";
				PRODUCT_NAME = "$(TARGET_NAME)";
				TEST_HOST = "$(BUILT_PRODUCTS_DIR)/MyCalculator.app/MyCalculator";
			};
			name = Debug;
		};
		77EDA8421C31689100BD9184 /* Release */ = {
			isa = XCBuildConfiguration;
			buildSettings = {
				BUNDLE_LOADER = "$(TEST_HOST)";
				INFOPLIST_FILE = MyCalculatorTests/Info.plist;
				LD_RUNPATH_SEARCH_PATHS = "$(inherited) @executable_path/Frameworks @loader_path/Frameworks";
				PRODUCT_BUNDLE_IDENTIFIER = "com.philippe-petit.MyCalculatorTests";
				PRODUCT_NAME = "$(TARGET_NAME)";
				TEST_HOST = "$(BUILT_PRODUCTS_DIR)/MyCalculator.app/MyCalculator";
			};
			name = Release;
		};
		77EDA8441C31689100BD9184 /* Debug */ = {
			isa = XCBuildConfiguration;
			buildSettings = {
				INFOPLIST_FILE = MyCalculatorUITests/Info.plist;
				LD_RUNPATH_SEARCH_PATHS = "$(inherited) @executable_path/Frameworks @loader_path/Frameworks";
				PRODUCT_BUNDLE_IDENTIFIER = "com.philippe-petit.MyCalculatorUITests";
				PRODUCT_NAME = "$(TARGET_NAME)";
				TEST_TARGET_NAME = MyCalculator;
				USES_XCTRUNNER = YES;
			};
			name = Debug;
		};
		77EDA8451C31689100BD9184 /* Release */ = {
			isa = XCBuildConfiguration;
			buildSettings = {
				INFOPLIST_FILE = MyCalculatorUITests/Info.plist;
				LD_RUNPATH_SEARCH_PATHS = "$(inherited) @executable_path/Frameworks @loader_path/Frameworks";
				PRODUCT_BUNDLE_IDENTIFIER = "com.philippe-petit.MyCalculatorUITests";
				PRODUCT_NAME = "$(TARGET_NAME)";
				TEST_TARGET_NAME = MyCalculator;
				USES_XCTRUNNER = YES;
			};
			name = Release;
		};
/* End XCBuildConfiguration section */

/* Begin XCConfigurationList section */
		77EDA8101C31689100BD9184 /* Build configuration list for PBXProject "MyCalculator" */ = {
			isa = XCConfigurationList;
			buildConfigurations = (
				77EDA83B1C31689100BD9184 /* Debug */,
				77EDA83C1C31689100BD9184 /* Release */,
			);
			defaultConfigurationIsVisible = 0;
			defaultConfigurationName = Release;
		};
		77EDA83D1C31689100BD9184 /* Build configuration list for PBXNativeTarget "MyCalculator" */ = {
			isa = XCConfigurationList;
			buildConfigurations = (
				77EDA83E1C31689100BD9184 /* Debug */,
				77EDA83F1C31689100BD9184 /* Release */,
			);
			defaultConfigurationIsVisible = 0;
		};
		77EDA8401C31689100BD9184 /* Build configuration list for PBXNativeTarget "MyCalculatorTests" */ = {
			isa = XCConfigurationList;
			buildConfigurations = (
				77EDA8411C31689100BD9184 /* Debug */,
				77EDA8421C31689100BD9184 /* Release */,
			);
			defaultConfigurationIsVisible = 0;
		};
		77EDA8431C31689100BD9184 /* Build configuration list for PBXNativeTarget "MyCalculatorUITests" */ = {
			isa = XCConfigurationList;
			buildConfigurations = (
				77EDA8441C31689100BD9184 /* Debug */,
				77EDA8451C31689100BD9184 /* Release */,
			);
			defaultConfigurationIsVisible = 0;
		};
/* End XCConfigurationList section */
	};
	rootObject = 77EDA80D1C31689100BD9184 /* Project object */;
}
